
Microsoft Visual Studio Solution File, Format Version 12.00
# Visual Studio Version 17
VisualStudioVersion = 17.5.33530.505
MinimumVisualStudioVersion = 10.0.40219.1
Project("{FAE04EC0-301F-11D3-BF4B-00C04F79EFBC}") = "PF_Pach_OS", "PF_Pach_OS.csproj", "{0E8CDCEC-635C-46DD-B4B5-455378433DBF}"
EndProject
Global
	GlobalSection(SolutionConfigurationPlatforms) = preSolution
		Debug|Any CPU = Debug|Any CPU
		Release|Any CPU = Release|Any CPU
	EndGlobalSection
	GlobalSection(ProjectConfigurationPlatforms) = postSolution
		{0E8CDCEC-635C-46DD-B4B5-455378433DBF}.Debug|Any CPU.ActiveCfg = Debug|Any CPU
		{0E8CDCEC-635C-46DD-B4B5-455378433DBF}.Debug|Any CPU.Build.0 = Debug|Any CPU
		{0E8CDCEC-635C-46DD-B4B5-455378433DBF}.Release|Any CPU.ActiveCfg = Release|Any CPU
		{0E8CDCEC-635C-46DD-B4B5-455378433DBF}.Release|Any CPU.Build.0 = Release|Any CPU
	EndGlobalSection
	GlobalSection(SolutionProperties) = preSolution
		HideSolutionNode = FALSE
	EndGlobalSection
	GlobalSection(ExtensibilityGlobals) = postSolution
		SolutionGuid = {5A260556-4579-4945-89C2-024872F2638A}
	EndGlobalSection
EndGlobal
